
Microsoft Visual Studio Solution File, Format Version 12.00
# Visual Studio Version 17
VisualStudioVersion = 17.14.36717.8 d17.14
MinimumVisualStudioVersion = 10.0.40219.1
Project("{FAE04EC0-301F-11D3-BF4B-00C04F79EFBC}") = "Vending Machine 1", "Vending Machine 1.csproj", "{D6E29C1D-8A74-4D2B-9BEF-0689C0F39F0D}"
EndProject
Global
	GlobalSection(SolutionConfigurationPlatforms) = preSolution
		Debug|Any CPU = Debug|Any CPU
		Release|Any CPU = Release|Any CPU
	EndGlobalSection
	GlobalSection(ProjectConfigurationPlatforms) = postSolution
		{D6E29C1D-8A74-4D2B-9BEF-0689C0F39F0D}.Debug|Any CPU.ActiveCfg = Debug|Any CPU
		{D6E29C1D-8A74-4D2B-9BEF-0689C0F39F0D}.Debug|Any CPU.Build.0 = Debug|Any CPU
		{D6E29C1D-8A74-4D2B-9BEF-0689C0F39F0D}.Release|Any CPU.ActiveCfg = Release|Any CPU
		{D6E29C1D-8A74-4D2B-9BEF-0689C0F39F0D}.Release|Any CPU.Build.0 = Release|Any CPU
	EndGlobalSection
	GlobalSection(SolutionProperties) = preSolution
		HideSolutionNode = FALSE
	EndGlobalSection
	GlobalSection(ExtensibilityGlobals) = postSolution
		SolutionGuid = {83A15FBC-08D7-4351-909B-26DA1E80AC81}
	EndGlobalSection
EndGlobal
